
Microsoft Visual Studio Solution File, Format Version 12.00
# Visual Studio Version 17
VisualStudioVersion = 17.9.34728.123
MinimumVisualStudioVersion = 10.0.40219.1
Project("{9A19103F-16F7-4668-BE54-9A1E7A4F7556}") = "Ltly.Lambda", "Ltly.Lambda\Ltly.Lambda.csproj", "{2E6FD861-D7E0-4DB1-8880-084535CD080C}"
EndProject
Global
	GlobalSection(SolutionConfigurationPlatforms) = preSolution
		Debug|Any CPU = Debug|Any CPU
		Release|Any CPU = Release|Any CPU
	EndGlobalSection
	GlobalSection(ProjectConfigurationPlatforms) = postSolution
		{2E6FD861-D7E0-4DB1-8880-084535CD080C}.Debug|Any CPU.ActiveCfg = Debug|Any CPU
		{2E6FD861-D7E0-4DB1-8880-084535CD080C}.Debug|Any CPU.Build.0 = Debug|Any CPU
		{2E6FD861-D7E0-4DB1-8880-084535CD080C}.Release|Any CPU.ActiveCfg = Release|Any CPU
		{2E6FD861-D7E0-4DB1-8880-084535CD080C}.Release|Any CPU.Build.0 = Release|Any CPU
	EndGlobalSection
	GlobalSection(SolutionProperties) = preSolution
		HideSolutionNode = FALSE
	EndGlobalSection
	GlobalSection(ExtensibilityGlobals) = postSolution
		SolutionGuid = {D304EE7B-83CF-45FF-81F1-6946B1A06B57}
	EndGlobalSection
EndGlobal
